
Microsoft Visual Studio Solution File, Format Version 12.00
# Visual Studio Version 16
VisualStudioVersion = 16.0.32929.386
MinimumVisualStudioVersion = 10.0.40219.1
Project("{FAE04EC0-301F-11D3-BF4B-00C04F79EFBC}") = "FlyingKarlsonMod", "FlyingKarlsonMod.csproj", "{9CA8C3B9-D9A2-4C84-8251-111D87A1C408}"
EndProject
Global
	GlobalSection(SolutionConfigurationPlatforms) = preSolution
		Debug|Any CPU = Debug|Any CPU
		Release|Any CPU = Release|Any CPU
	EndGlobalSection
	GlobalSection(ProjectConfigurationPlatforms) = postSolution
		{9CA8C3B9-D9A2-4C84-8251-111D87A1C408}.Debug|Any CPU.ActiveCfg = Debug|Any CPU
		{9CA8C3B9-D9A2-4C84-8251-111D87A1C408}.Debug|Any CPU.Build.0 = Debug|Any CPU
		{9CA8C3B9-D9A2-4C84-8251-111D87A1C408}.Release|Any CPU.ActiveCfg = Release|Any CPU
		{9CA8C3B9-D9A2-4C84-8251-111D87A1C408}.Release|Any CPU.Build.0 = Release|Any CPU
	EndGlobalSection
	GlobalSection(SolutionProperties) = preSolution
		HideSolutionNode = FALSE
	EndGlobalSection
	GlobalSection(ExtensibilityGlobals) = postSolution
		SolutionGuid = {5AB7258A-90EF-4517-AAA7-EE6360807655}
	EndGlobalSection
EndGlobal
